
Microsoft Visual Studio Solution File, Format Version 12.00
# Visual Studio Version 17
VisualStudioVersion = 17.5.33627.172
MinimumVisualStudioVersion = 10.0.40219.1
Project("{FAE04EC0-301F-11D3-BF4B-00C04F79EFBC}") = "C# lab 05_Q4", "C# lab 05_Q4\C# lab 05_Q4.csproj", "{07D41450-CDFB-4C26-8315-8D743F7A597D}"
EndProject
Global
	GlobalSection(SolutionConfigurationPlatforms) = preSolution
		Debug|Any CPU = Debug|Any CPU
		Release|Any CPU = Release|Any CPU
	EndGlobalSection
	GlobalSection(ProjectConfigurationPlatforms) = postSolution
		{07D41450-CDFB-4C26-8315-8D743F7A597D}.Debug|Any CPU.ActiveCfg = Debug|Any CPU
		{07D41450-CDFB-4C26-8315-8D743F7A597D}.Debug|Any CPU.Build.0 = Debug|Any CPU
		{07D41450-CDFB-4C26-8315-8D743F7A597D}.Release|Any CPU.ActiveCfg = Release|Any CPU
		{07D41450-CDFB-4C26-8315-8D743F7A597D}.Release|Any CPU.Build.0 = Release|Any CPU
	EndGlobalSection
	GlobalSection(SolutionProperties) = preSolution
		HideSolutionNode = FALSE
	EndGlobalSection
	GlobalSection(ExtensibilityGlobals) = postSolution
		SolutionGuid = {20C1CC4F-F213-4B6A-9C39-E178B0EEF6E6}
	EndGlobalSection
EndGlobal
