
Microsoft Visual Studio Solution File, Format Version 12.00
# Visual Studio Version 17
VisualStudioVersion = 17.5.33627.172
MinimumVisualStudioVersion = 10.0.40219.1
Project("{FAE04EC0-301F-11D3-BF4B-00C04F79EFBC}") = "C# lab 02_Q5", "C# lab 02_Q5\C# lab 02_Q5.csproj", "{B246C0B1-6FCC-4AAA-B211-6BB484B6DF79}"
EndProject
Global
	GlobalSection(SolutionConfigurationPlatforms) = preSolution
		Debug|Any CPU = Debug|Any CPU
		Release|Any CPU = Release|Any CPU
	EndGlobalSection
	GlobalSection(ProjectConfigurationPlatforms) = postSolution
		{B246C0B1-6FCC-4AAA-B211-6BB484B6DF79}.Debug|Any CPU.ActiveCfg = Debug|Any CPU
		{B246C0B1-6FCC-4AAA-B211-6BB484B6DF79}.Debug|Any CPU.Build.0 = Debug|Any CPU
		{B246C0B1-6FCC-4AAA-B211-6BB484B6DF79}.Release|Any CPU.ActiveCfg = Release|Any CPU
		{B246C0B1-6FCC-4AAA-B211-6BB484B6DF79}.Release|Any CPU.Build.0 = Release|Any CPU
	EndGlobalSection
	GlobalSection(SolutionProperties) = preSolution
		HideSolutionNode = FALSE
	EndGlobalSection
	GlobalSection(ExtensibilityGlobals) = postSolution
		SolutionGuid = {FF330437-11A7-4AED-A73F-A5511EB2C13B}
	EndGlobalSection
EndGlobal
