
Microsoft Visual Studio Solution File, Format Version 12.00
# Visual Studio Version 17
VisualStudioVersion = 17.5.33627.172
MinimumVisualStudioVersion = 10.0.40219.1
Project("{FAE04EC0-301F-11D3-BF4B-00C04F79EFBC}") = "C# lab 04_Q1_2", "C# lab 04_Q1_2\C# lab 04_Q1_2.csproj", "{F9BE980A-3251-4BEF-A465-61EB913FC8E8}"
EndProject
Global
	GlobalSection(SolutionConfigurationPlatforms) = preSolution
		Debug|Any CPU = Debug|Any CPU
		Release|Any CPU = Release|Any CPU
	EndGlobalSection
	GlobalSection(ProjectConfigurationPlatforms) = postSolution
		{F9BE980A-3251-4BEF-A465-61EB913FC8E8}.Debug|Any CPU.ActiveCfg = Debug|Any CPU
		{F9BE980A-3251-4BEF-A465-61EB913FC8E8}.Debug|Any CPU.Build.0 = Debug|Any CPU
		{F9BE980A-3251-4BEF-A465-61EB913FC8E8}.Release|Any CPU.ActiveCfg = Release|Any CPU
		{F9BE980A-3251-4BEF-A465-61EB913FC8E8}.Release|Any CPU.Build.0 = Release|Any CPU
	EndGlobalSection
	GlobalSection(SolutionProperties) = preSolution
		HideSolutionNode = FALSE
	EndGlobalSection
	GlobalSection(ExtensibilityGlobals) = postSolution
		SolutionGuid = {9DEE768E-C358-49A0-956D-60A4F697C927}
	EndGlobalSection
EndGlobal
