
Microsoft Visual Studio Solution File, Format Version 12.00
# Visual Studio Version 17
VisualStudioVersion = 17.5.33627.172
MinimumVisualStudioVersion = 10.0.40219.1
Project("{FAE04EC0-301F-11D3-BF4B-00C04F79EFBC}") = "C# lab 02_Q4", "C# lab 02_Q4\C# lab 02_Q4.csproj", "{0D29E80D-60A5-4C9F-96F2-F29A02155FD6}"
EndProject
Global
	GlobalSection(SolutionConfigurationPlatforms) = preSolution
		Debug|Any CPU = Debug|Any CPU
		Release|Any CPU = Release|Any CPU
	EndGlobalSection
	GlobalSection(ProjectConfigurationPlatforms) = postSolution
		{0D29E80D-60A5-4C9F-96F2-F29A02155FD6}.Debug|Any CPU.ActiveCfg = Debug|Any CPU
		{0D29E80D-60A5-4C9F-96F2-F29A02155FD6}.Debug|Any CPU.Build.0 = Debug|Any CPU
		{0D29E80D-60A5-4C9F-96F2-F29A02155FD6}.Release|Any CPU.ActiveCfg = Release|Any CPU
		{0D29E80D-60A5-4C9F-96F2-F29A02155FD6}.Release|Any CPU.Build.0 = Release|Any CPU
	EndGlobalSection
	GlobalSection(SolutionProperties) = preSolution
		HideSolutionNode = FALSE
	EndGlobalSection
	GlobalSection(ExtensibilityGlobals) = postSolution
		SolutionGuid = {BAF84D14-B34B-4F75-8527-7DA1EB07903B}
	EndGlobalSection
EndGlobal
