
Microsoft Visual Studio Solution File, Format Version 12.00
# Visual Studio Version 17
VisualStudioVersion = 17.5.33627.172
MinimumVisualStudioVersion = 10.0.40219.1
Project("{FAE04EC0-301F-11D3-BF4B-00C04F79EFBC}") = "C# lab 06_Q6", "C# lab 06_Q6\C# lab 06_Q6.csproj", "{03AD557D-627C-43F7-85BE-85738962A689}"
EndProject
Global
	GlobalSection(SolutionConfigurationPlatforms) = preSolution
		Debug|Any CPU = Debug|Any CPU
		Release|Any CPU = Release|Any CPU
	EndGlobalSection
	GlobalSection(ProjectConfigurationPlatforms) = postSolution
		{03AD557D-627C-43F7-85BE-85738962A689}.Debug|Any CPU.ActiveCfg = Debug|Any CPU
		{03AD557D-627C-43F7-85BE-85738962A689}.Debug|Any CPU.Build.0 = Debug|Any CPU
		{03AD557D-627C-43F7-85BE-85738962A689}.Release|Any CPU.ActiveCfg = Release|Any CPU
		{03AD557D-627C-43F7-85BE-85738962A689}.Release|Any CPU.Build.0 = Release|Any CPU
	EndGlobalSection
	GlobalSection(SolutionProperties) = preSolution
		HideSolutionNode = FALSE
	EndGlobalSection
	GlobalSection(ExtensibilityGlobals) = postSolution
		SolutionGuid = {CDF45380-9851-412C-AF7D-CA51A130AD91}
	EndGlobalSection
EndGlobal
